<?xml version="1.0" encoding="utf-8"?>
<Project ToolsVersion="4.0" xmlns="http://schemas.microsoft.com/developer/msbuild/2003">
  <ItemGroup>
    <Filter Include="Source Files">
      <UniqueIdentifier>{4FC737F1-C7A5-4376-A066-2A32D752A2FF}</UniqueIdentifier>
      <Extensions>cpp;c;cc;cxx;def;odl;idl;hpj;bat;asm;asmx</Extensions>
    </Filter>
    <Filter Include="Header Files">
      <UniqueIdentifier>{93995380-89BD-4b04-88EB-625FBE52EBFB}</UniqueIdentifier>
      <Extensions>h;hh;hpp;hxx;hm;inl;inc;xsd</Extensions>
    </Filter>
    <Filter Include="Resource Files">
      <UniqueIdentifier>{67DA6AB6-F800-4c08-8B7A-83BB121AAD01}</UniqueIdentifier>
      <Extensions>rc;ico;cur;bmp;dlg;rc2;rct;bin;rgs;gif;jpg;jpeg;jpe;resx;tiff;tif;png;wav;mfcribbon-ms</Extensions>
    </Filter>
    <Filter Include="Source Files\util">
      <UniqueIdentifier>{db57885c-506d-4f5e-94fa-1a72eb71eea4}</UniqueIdentifier>
    </Filter>
    <Filter Include="Header Files\util">
      <UniqueIdentifier>{5178b3ca-b300-4762-aebe-ea3030db9727}</UniqueIdentifier>
    </Filter>
    <Filter Include="Header Files\graph">
      <UniqueIdentifier>{38b1efe7-c31c-4165-bac7-20b56491a966}</UniqueIdentifier>
    </Filter>
    <Filter Include="Source Files\graph">
      <UniqueIdentifier>{382ac7c0-69fe-469e-a5ab-26a6a1cb5aa2}</UniqueIdentifier>
    </Filter>
    <Filter Include="Header Files\graph\algo">
      <UniqueIdentifier>{3ced92e5-7e2f-444b-90fd-7c47439fcab2}</UniqueIdentifier>
    </Filter>
    <Filter Include="Source Files\graph\algo">
      <UniqueIdentifier>{db4f9a6e-0cdf-4e58-af59-6f3332b44387}</UniqueIdentifier>
    </Filter>
    <Filter Include="Source Files\graph\enumeration">
      <UniqueIdentifier>{363f09ff-9ee9-450a-ab49-2d836130e17b}</UniqueIdentifier>
    </Filter>
    <Filter Include="Header Files\graph\enumeration">
      <UniqueIdentifier>{8966189f-d5a6-4c18-a852-cf655f84c347}</UniqueIdentifier>
    </Filter>
    <Filter Include="Source Files\collections">
      <UniqueIdentifier>{912bb01e-28cd-4f7c-bea6-e6b10b840c3c}</UniqueIdentifier>
    </Filter>
  </ItemGroup>
  <ItemGroup>
    <ClCompile Include="main.cpp">
      <Filter>Source Files</Filter>
    </ClCompile>
    <ClCompile Include="src\util\Factorial.cpp">
      <Filter>Source Files\util</Filter>
    </ClCompile>
    <ClCompile Include="src\util\Permutations.cpp">
      <Filter>Source Files\util</Filter>
    </ClCompile>
    <ClCompile Include="src\util\MathUtils.hpp">
      <Filter>Source Files\util</Filter>
    </ClCompile>
    <ClCompile Include="src\graph\Graph.cpp">
      <Filter>Source Files\graph</Filter>
    </ClCompile>
    <ClCompile Include="src\graph\GraphColoring.cpp">
      <Filter>Source Files\graph</Filter>
    </ClCompile>
    <ClCompile Include="src\graph\algo\StrongConnectivity.cpp">
      <Filter>Source Files\graph\algo</Filter>
    </ClCompile>
    <ClCompile Include="src\graph\algo\Eulerian.cpp">
      <Filter>Source Files\graph\algo</Filter>
    </ClCompile>
    <ClCompile Include="src\graph\algo\Synchronization.cpp">
      <Filter>Source Files\graph\algo</Filter>
    </ClCompile>
    <ClCompile Include="src\graph\GraphIO.cpp">
      <Filter>Source Files\graph</Filter>
    </ClCompile>
    <ClCompile Include="src\util\UtilIO.cpp">
      <Filter>Source Files\util</Filter>
    </ClCompile>
    <ClCompile Include="src\graph\algo\SyncRange.cpp">
      <Filter>Source Files\graph\algo</Filter>
    </ClCompile>
    <ClCompile Include="src\graph\algo\StronglyConnectedComponents.cpp">
      <Filter>Source Files\graph\algo</Filter>
    </ClCompile>
    <ClCompile Include="src\graph\algo\Aperiodicity.cpp">
      <Filter>Source Files\graph\algo</Filter>
    </ClCompile>
    <ClCompile Include="src\graph\Graph6Reader.cpp">
      <Filter>Source Files\graph</Filter>
    </ClCompile>
    <ClCompile Include="src\graph\algo\SynchronizingWord.cpp">
      <Filter>Source Files\graph\algo</Filter>
    </ClCompile>
    <ClCompile Include="src\graph\enumeration\SyncColoringsEnumeration.cpp">
      <Filter>Source Files\graph\enumeration</Filter>
    </ClCompile>
    <ClCompile Include="src\graph\enumeration\GraphEnumeration.cpp">
      <Filter>Source Files\graph\enumeration</Filter>
    </ClCompile>
    <ClCompile Include="src\graph\enumeration\GraphColoringNeighborsEnumeration.cpp">
      <Filter>Source Files\graph\enumeration</Filter>
    </ClCompile>
    <ClCompile Include="src\graph\enumeration\ColoringsGraph.cpp">
      <Filter>Source Files\graph\enumeration</Filter>
    </ClCompile>
  </ItemGroup>
  <ItemGroup>
    <Text Include="output.txt">
      <Filter>Resource Files</Filter>
    </Text>
    <Text Include="input.txt">
      <Filter>Resource Files</Filter>
    </Text>
  </ItemGroup>
  <ItemGroup>
    <ClInclude Include="src\util\Permutations.h">
      <Filter>Header Files\util</Filter>
    </ClInclude>
    <ClInclude Include="src\util\Factorial.h">
      <Filter>Header Files\util</Filter>
    </ClInclude>
    <ClInclude Include="src\graph\graph-all.h">
      <Filter>Header Files\graph</Filter>
    </ClInclude>
    <ClInclude Include="src\util\util-all.h">
      <Filter>Header Files\util</Filter>
    </ClInclude>
    <ClInclude Include="src\graph\Graph.h">
      <Filter>Header Files\graph</Filter>
    </ClInclude>
    <ClInclude Include="src\graph\GraphColoring.h">
      <Filter>Header Files\graph</Filter>
    </ClInclude>
    <ClInclude Include="src\graph\algo\StrongConnectivity.h">
      <Filter>Header Files\graph\algo</Filter>
    </ClInclude>
    <ClInclude Include="src\graph\algo\Eulerian.h">
      <Filter>Header Files\graph\algo</Filter>
    </ClInclude>
    <ClInclude Include="src\graph\algo\Synchronization.h">
      <Filter>Header Files\graph\algo</Filter>
    </ClInclude>
    <ClInclude Include="src\graph\GraphIO.h">
      <Filter>Header Files\graph</Filter>
    </ClInclude>
    <ClInclude Include="src\util\UtilIO.h">
      <Filter>Header Files\util</Filter>
    </ClInclude>
    <ClInclude Include="src\graph\algo\SyncRange.h">
      <Filter>Header Files\graph\algo</Filter>
    </ClInclude>
    <ClInclude Include="src\graph\algo\StronglyConnectedComponents.h">
      <Filter>Header Files\graph\algo</Filter>
    </ClInclude>
    <ClInclude Include="src\graph\algo\Aperiodicity.h">
      <Filter>Header Files\graph\algo</Filter>
    </ClInclude>
    <ClInclude Include="src\graph\Graph6Reader.h">
      <Filter>Header Files\graph</Filter>
    </ClInclude>
    <ClInclude Include="src\graph\algo\SynchronizingWord.h">
      <Filter>Header Files\graph\algo</Filter>
    </ClInclude>
    <ClInclude Include="src\graph\enumeration\GraphEnumeration.h">
      <Filter>Header Files\graph\enumeration</Filter>
    </ClInclude>
    <ClInclude Include="src\graph\enumeration\SyncColoringsEnumeration.h">
      <Filter>Header Files\graph\enumeration</Filter>
    </ClInclude>
    <ClInclude Include="src\graph\graph-stats.h">
      <Filter>Header Files\graph</Filter>
    </ClInclude>
    <ClInclude Include="src\collections\SimpleQueue.hpp">
      <Filter>Source Files\collections</Filter>
    </ClInclude>
    <ClInclude Include="src\graph\enumeration\GraphColoringNeighborsEnumeration.h">
      <Filter>Header Files\graph\enumeration</Filter>
    </ClInclude>
    <ClInclude Include="src\graph\enumeration\ColoringsGraph.h">
      <Filter>Header Files\graph\enumeration</Filter>
    </ClInclude>
  </ItemGroup>
</Project>