<?xml version="1.0" encoding="utf-8"?>
<Project ToolsVersion="4.0" xmlns="http://schemas.microsoft.com/developer/msbuild/2003">
  <ItemGroup>
    <Filter Include="Source Files">
      <UniqueIdentifier>{4FC737F1-C7A5-4376-A066-2A32D752A2FF}</UniqueIdentifier>
      <Extensions>cpp;c;cc;cxx;def;odl;idl;hpj;bat;asm;asmx</Extensions>
    </Filter>
    <Filter Include="Header Files">
      <UniqueIdentifier>{93995380-89BD-4b04-88EB-625FBE52EBFB}</UniqueIdentifier>
      <Extensions>h;hh;hpp;hxx;hm;inl;inc;xsd</Extensions>
    </Filter>
    <Filter Include="Resource Files">
      <UniqueIdentifier>{67DA6AB6-F800-4c08-8B7A-83BB121AAD01}</UniqueIdentifier>
      <Extensions>rc;ico;cur;bmp;dlg;rc2;rct;bin;rgs;gif;jpg;jpeg;jpe;resx;tiff;tif;png;wav;mfcribbon-ms</Extensions>
    </Filter>
    <Filter Include="Source Files\src">
      <UniqueIdentifier>{07644200-1d9e-4ca8-b146-1e2b4ba0fadc}</UniqueIdentifier>
    </Filter>
    <Filter Include="Source Files\src\util">
      <UniqueIdentifier>{dac32a1b-d0be-4b65-9bf4-72c534f21ce3}</UniqueIdentifier>
    </Filter>
    <Filter Include="Source Files\src\graph">
      <UniqueIdentifier>{111f8355-dcd1-4ce2-be6c-4d95ae618672}</UniqueIdentifier>
    </Filter>
    <Filter Include="Source Files\src\graph\algo">
      <UniqueIdentifier>{f72212db-febe-4e51-a9d4-87304fed1239}</UniqueIdentifier>
    </Filter>
    <Filter Include="Source Files\tests">
      <UniqueIdentifier>{558b9019-daec-4568-a804-32168da9bd01}</UniqueIdentifier>
    </Filter>
    <Filter Include="Source Files\tests\util">
      <UniqueIdentifier>{078153f9-be83-4507-b5ae-68d9b3fd5e89}</UniqueIdentifier>
    </Filter>
    <Filter Include="Header Files\test_tools">
      <UniqueIdentifier>{d3b009a8-21e0-4e64-8a57-441eed05d673}</UniqueIdentifier>
    </Filter>
    <Filter Include="Source Files\tests\test_tools">
      <UniqueIdentifier>{b781ce0f-d564-45c2-b49a-a1b97e45b41f}</UniqueIdentifier>
    </Filter>
    <Filter Include="Source Files\tests\graph">
      <UniqueIdentifier>{da7787fc-3813-4850-b2cc-80979347af29}</UniqueIdentifier>
    </Filter>
    <Filter Include="Source Files\tests\graph\algo">
      <UniqueIdentifier>{1216fad8-5592-466e-891d-2ee43f7518d8}</UniqueIdentifier>
    </Filter>
  </ItemGroup>
  <ItemGroup>
    <ClInclude Include="stdafx.h">
      <Filter>Header Files</Filter>
    </ClInclude>
    <ClInclude Include="targetver.h">
      <Filter>Header Files</Filter>
    </ClInclude>
    <ClInclude Include="tests\test_tools\all-test-tools.h">
      <Filter>Header Files\test_tools</Filter>
    </ClInclude>
    <ClInclude Include="tests\test_tools\Message.h">
      <Filter>Header Files\test_tools</Filter>
    </ClInclude>
    <ClInclude Include="tests\test_tools\ToStringExtensions.hpp">
      <Filter>Source Files\tests\test_tools</Filter>
    </ClInclude>
    <ClInclude Include="tests\test_tools\TimeLapse.hpp">
      <Filter>Header Files\test_tools</Filter>
    </ClInclude>
  </ItemGroup>
  <ItemGroup>
    <ClCompile Include="stdafx.cpp">
      <Filter>Source Files</Filter>
    </ClCompile>
    <ClCompile Include="..\GraphSyncRange.Solver\src\util\Factorial.cpp">
      <Filter>Source Files\src\util</Filter>
    </ClCompile>
    <ClCompile Include="..\GraphSyncRange.Solver\src\util\UtilIO.cpp">
      <Filter>Source Files\src\util</Filter>
    </ClCompile>
    <ClCompile Include="..\GraphSyncRange.Solver\src\util\MathUtils.hpp">
      <Filter>Source Files\src\util</Filter>
    </ClCompile>
    <ClCompile Include="..\GraphSyncRange.Solver\src\util\Permutations.cpp">
      <Filter>Source Files\src\util</Filter>
    </ClCompile>
    <ClCompile Include="..\GraphSyncRange.Solver\src\graph\Graph.cpp">
      <Filter>Source Files\src\graph</Filter>
    </ClCompile>
    <ClCompile Include="..\GraphSyncRange.Solver\src\graph\GraphColoring.cpp">
      <Filter>Source Files\src\graph</Filter>
    </ClCompile>
    <ClCompile Include="..\GraphSyncRange.Solver\src\graph\GraphIO.cpp">
      <Filter>Source Files\src\graph</Filter>
    </ClCompile>
    <ClCompile Include="..\GraphSyncRange.Solver\src\graph\algo\Eulerian.cpp">
      <Filter>Source Files\src\graph\algo</Filter>
    </ClCompile>
    <ClCompile Include="..\GraphSyncRange.Solver\src\graph\algo\GraphEnumeration.cpp">
      <Filter>Source Files\src\graph\algo</Filter>
    </ClCompile>
    <ClCompile Include="..\GraphSyncRange.Solver\src\graph\algo\StrongConnectivity.cpp">
      <Filter>Source Files\src\graph\algo</Filter>
    </ClCompile>
    <ClCompile Include="..\GraphSyncRange.Solver\src\graph\algo\Synchronization.cpp">
      <Filter>Source Files\src\graph\algo</Filter>
    </ClCompile>
    <ClCompile Include="..\GraphSyncRange.Solver\src\graph\algo\SyncRange.cpp">
      <Filter>Source Files\src\graph\algo</Filter>
    </ClCompile>
    <ClCompile Include="tests\util\Factorial_Tests.cpp">
      <Filter>Source Files\tests\util</Filter>
    </ClCompile>
    <ClCompile Include="tests\util\Permutations_Tests.cpp">
      <Filter>Source Files\tests\util</Filter>
    </ClCompile>
    <ClCompile Include="tests\test_tools\Message.cpp">
      <Filter>Source Files\tests\test_tools</Filter>
    </ClCompile>
    <ClCompile Include="tests\util\MathUtils_Tests.cpp">
      <Filter>Source Files\tests\util</Filter>
    </ClCompile>
    <ClCompile Include="tests\graph\algo\StrongConnectivity_Tests.cpp">
      <Filter>Source Files\tests\graph\algo</Filter>
    </ClCompile>
    <ClCompile Include="..\GraphSyncRange.Solver\src\graph\algo\StronglyConnectedComponents.cpp">
      <Filter>Source Files\src\graph\algo</Filter>
    </ClCompile>
    <ClCompile Include="tests\graph\algo\StronglyConnectedComponents_Tests.cpp">
      <Filter>Source Files\tests\graph\algo</Filter>
    </ClCompile>
    <ClCompile Include="..\GraphSyncRange.Solver\src\graph\algo\Aperiodicity.cpp">
      <Filter>Source Files\src\graph\algo</Filter>
    </ClCompile>
    <ClCompile Include="tests\graph\Graph6Reader_Tests.cpp">
      <Filter>Source Files\tests\graph</Filter>
    </ClCompile>
    <ClCompile Include="..\GraphSyncRange.Solver\src\graph\Graph6Reader.cpp">
      <Filter>Source Files\src\graph</Filter>
    </ClCompile>
    <ClCompile Include="tests\graph\algo\Aperiodicity_Tests.cpp">
      <Filter>Source Files\tests\graph\algo</Filter>
    </ClCompile>
    <ClCompile Include="tests\graph\GraphColoring_Tests.cpp">
      <Filter>Source Files\tests\graph</Filter>
    </ClCompile>
    <ClCompile Include="tests\graph\algo\Eulerianicity_Tests.cpp">
      <Filter>Source Files\tests\graph\algo</Filter>
    </ClCompile>
    <ClCompile Include="..\GraphSyncRange.Solver\src\graph\algo\SynchronizingWord.cpp">
      <Filter>Source Files\src\graph\algo</Filter>
    </ClCompile>
    <ClCompile Include="tests\graph\algo\SynchronizingWord_Tests.cpp">
      <Filter>Source Files\tests\graph\algo</Filter>
    </ClCompile>
    <ClCompile Include="tests\graph\algo\Synchronicity_Tests.cpp">
      <Filter>Source Files\tests\graph\algo</Filter>
    </ClCompile>
  </ItemGroup>
</Project>